
Microsoft Visual Studio Solution File, Format Version 12.00
# Visual Studio Version 16
VisualStudioVersion = 16.0.30225.117
MinimumVisualStudioVersion = 10.0.40219.1
Project("{FAE04EC0-301F-11D3-BF4B-00C04F79EFBC}") = "Клон АОЛ", "Клон АОЛ\Клон АОЛ.csproj", "{8C44C48A-02BD-4738-93FD-763E255816B8}"
EndProject
Global
	GlobalSection(SolutionConfigurationPlatforms) = preSolution
		Debug|Any CPU = Debug|Any CPU
		Release|Any CPU = Release|Any CPU
	EndGlobalSection
	GlobalSection(ProjectConfigurationPlatforms) = postSolution
		{8C44C48A-02BD-4738-93FD-763E255816B8}.Debug|Any CPU.ActiveCfg = Debug|Any CPU
		{8C44C48A-02BD-4738-93FD-763E255816B8}.Debug|Any CPU.Build.0 = Debug|Any CPU
		{8C44C48A-02BD-4738-93FD-763E255816B8}.Release|Any CPU.ActiveCfg = Release|Any CPU
		{8C44C48A-02BD-4738-93FD-763E255816B8}.Release|Any CPU.Build.0 = Release|Any CPU
	EndGlobalSection
	GlobalSection(SolutionProperties) = preSolution
		HideSolutionNode = FALSE
	EndGlobalSection
	GlobalSection(ExtensibilityGlobals) = postSolution
		SolutionGuid = {06785DD8-C4F3-4A0D-92D0-34F3C2EEA887}
	EndGlobalSection
EndGlobal
